
Microsoft Visual Studio Solution File, Format Version 12.00
Project("{FAE04EC0-301F-11D3-BF4B-00C04F79EFBC}") = "fish_project", "fish_project.csproj", "{4DC348B2-C919-406A-AC66-ED2014744D27}"
EndProject
Global
	GlobalSection(SolutionConfigurationPlatforms) = preSolution
		Debug|Any CPU = Debug|Any CPU
		Release|Any CPU = Release|Any CPU
	EndGlobalSection
	GlobalSection(ProjectConfigurationPlatforms) = postSolution
		{4DC348B2-C919-406A-AC66-ED2014744D27}.Debug|Any CPU.ActiveCfg = Debug|Any CPU
		{4DC348B2-C919-406A-AC66-ED2014744D27}.Debug|Any CPU.Build.0 = Debug|Any CPU
		{4DC348B2-C919-406A-AC66-ED2014744D27}.Release|Any CPU.ActiveCfg = Release|Any CPU
		{4DC348B2-C919-406A-AC66-ED2014744D27}.Release|Any CPU.Build.0 = Release|Any CPU
	EndGlobalSection
EndGlobal
